
Microsoft Visual Studio Solution File, Format Version 12.00
# Visual Studio Version 17
VisualStudioVersion = 17.11.35327.3
MinimumVisualStudioVersion = 10.0.40219.1
Project("{FAE04EC0-301F-11D3-BF4B-00C04F79EFBC}") = "PlaylistManager", "PlaylistManager.csproj", "{64CB3F14-5A2A-434C-A1B2-672CA1670D8A}"
EndProject
Global
	GlobalSection(SolutionConfigurationPlatforms) = preSolution
		Debug|Any CPU = Debug|Any CPU
		Release|Any CPU = Release|Any CPU
	EndGlobalSection
	GlobalSection(ProjectConfigurationPlatforms) = postSolution
		{64CB3F14-5A2A-434C-A1B2-672CA1670D8A}.Debug|Any CPU.ActiveCfg = Debug|Any CPU
		{64CB3F14-5A2A-434C-A1B2-672CA1670D8A}.Debug|Any CPU.Build.0 = Debug|Any CPU
		{64CB3F14-5A2A-434C-A1B2-672CA1670D8A}.Release|Any CPU.ActiveCfg = Release|Any CPU
		{64CB3F14-5A2A-434C-A1B2-672CA1670D8A}.Release|Any CPU.Build.0 = Release|Any CPU
	EndGlobalSection
	GlobalSection(SolutionProperties) = preSolution
		HideSolutionNode = FALSE
	EndGlobalSection
	GlobalSection(ExtensibilityGlobals) = postSolution
		SolutionGuid = {3AFC0717-9C41-442C-8F92-8FC8FD6C000A}
	EndGlobalSection
EndGlobal
